
Microsoft Visual Studio Solution File, Format Version 12.00
Project("{FAE04EC0-301F-11D3-BF4B-00C04F79EFBC}") = "Algorithms", "Algorithms\Algorithms.csproj", "{F4E3DE34-337A-41DA-BB62-821B4F6DE8B3}"
EndProject
Project("{FAE04EC0-301F-11D3-BF4B-00C04F79EFBC}") = "AlgorithmsTests", "AlgorithmsTests\AlgorithmsTests.csproj", "{7CFD5A08-C88E-4F8F-831A-2E2EF76CFF70}"
EndProject
Global
	GlobalSection(SolutionConfigurationPlatforms) = preSolution
		Debug|Any CPU = Debug|Any CPU
		Release|Any CPU = Release|Any CPU
	EndGlobalSection
	GlobalSection(ProjectConfigurationPlatforms) = postSolution
		{F4E3DE34-337A-41DA-BB62-821B4F6DE8B3}.Debug|Any CPU.ActiveCfg = Debug|Any CPU
		{F4E3DE34-337A-41DA-BB62-821B4F6DE8B3}.Debug|Any CPU.Build.0 = Debug|Any CPU
		{F4E3DE34-337A-41DA-BB62-821B4F6DE8B3}.Release|Any CPU.ActiveCfg = Release|Any CPU
		{F4E3DE34-337A-41DA-BB62-821B4F6DE8B3}.Release|Any CPU.Build.0 = Release|Any CPU
		{7CFD5A08-C88E-4F8F-831A-2E2EF76CFF70}.Debug|Any CPU.ActiveCfg = Debug|Any CPU
		{7CFD5A08-C88E-4F8F-831A-2E2EF76CFF70}.Debug|Any CPU.Build.0 = Debug|Any CPU
		{7CFD5A08-C88E-4F8F-831A-2E2EF76CFF70}.Release|Any CPU.ActiveCfg = Release|Any CPU
		{7CFD5A08-C88E-4F8F-831A-2E2EF76CFF70}.Release|Any CPU.Build.0 = Release|Any CPU
	EndGlobalSection
EndGlobal
